// !$*UTF8*$!
{
	archiveVersion = 1;
	classes = {
	};
	objectVersion = 46;
	objects = {

/* Begin PBXBuildFile section */
		4A1CBBCA5D3B6866C327074A /* Pods_eShopping.framework in Frameworks */ = {isa = PBXBuildFile; fileRef = 8D146C348519FD26742E368A /* Pods_eShopping.framework */; };
		FB4C08051E5D05BD004E9C86 /* AppDelegate.swift in Sources */ = {isa = PBXBuildFile; fileRef = FB4C08041E5D05BD004E9C86 /* AppDelegate.swift */; };
		FB4C08071E5D05BD004E9C86 /* ViewController.swift in Sources */ = {isa = PBXBuildFile; fileRef = FB4C08061E5D05BD004E9C86 /* ViewController.swift */; };
		FB4C080A1E5D05BD004E9C86 /* Main.storyboard in Resources */ = {isa = PBXBuildFile; fileRef = FB4C08081E5D05BD004E9C86 /* Main.storyboard */; };
		FB4C080C1E5D05BE004E9C86 /* Assets.xcassets in Resources */ = {isa = PBXBuildFile; fileRef = FB4C080B1E5D05BE004E9C86 /* Assets.xcassets */; };
		FB4C080F1E5D05BE004E9C86 /* LaunchScreen.storyboard in Resources */ = {isa = PBXBuildFile; fileRef = FB4C080D1E5D05BE004E9C86 /* LaunchScreen.storyboard */; };
		FB4C08171E5D0ECC004E9C86 /* GoogleService-Info.plist in Resources */ = {isa = PBXBuildFile; fileRef = FB4C08161E5D0ECC004E9C86 /* GoogleService-Info.plist */; };
		FB4C08191E5D0F2A004E9C86 /* ListTableViewCell.swift in Sources */ = {isa = PBXBuildFile; fileRef = FB4C08181E5D0F2A004E9C86 /* ListTableViewCell.swift */; };
/* End PBXBuildFile section */

/* Begin PBXFileReference section */
		59CB605A6F6C9CA56DA5681B /* Pods-eShopping.release.xcconfig */ = {isa = PBXFileReference; includeInIndex = 1; lastKnownFileType = text.xcconfig; name = "Pods-eShopping.release.xcconfig"; path = "Pods/Target Support Files/Pods-eShopping/Pods-eShopping.release.xcconfig"; sourceTree = "<group>"; };
		6E2332B4D31DBB45A6DCE584 /* Pods-eShopping.debug.xcconfig */ = {isa = PBXFileReference; includeInIndex = 1; lastKnownFileType = text.xcconfig; name = "Pods-eShopping.debug.xcconfig"; path = "Pods/Target Support Files/Pods-eShopping/Pods-eShopping.debug.xcconfig"; sourceTree = "<group>"; };
		8D146C348519FD26742E368A /* Pods_eShopping.framework */ = {isa = PBXFileReference; explicitFileType = wrapper.framework; includeInIndex = 0; path = Pods_eShopping.framework; sourceTree = BUILT_PRODUCTS_DIR; };
		FB4C08011E5D05BD004E9C86 /* eShopping.app */ = {isa = PBXFileReference; explicitFileType = wrapper.application; includeInIndex = 0; path = eShopping.app; sourceTree = BUILT_PRODUCTS_DIR; };
		FB4C08041E5D05BD004E9C86 /* AppDelegate.swift */ = {isa = PBXFileReference; lastKnownFileType = sourcecode.swift; path = AppDelegate.swift; sourceTree = "<group>"; };
		FB4C08061E5D05BD004E9C86 /* ViewController.swift */ = {isa = PBXFileReference; lastKnownFileType = sourcecode.swift; path = ViewController.swift; sourceTree = "<group>"; };
		FB4C08091E5D05BD004E9C86 /* Base */ = {isa = PBXFileReference; lastKnownFileType = file.storyboard; name = Base; path = Base.lproj/Main.storyboard; sourceTree = "<group>"; };
		FB4C080B1E5D05BE004E9C86 /* Assets.xcassets */ = {isa = PBXFileReference; lastKnownFileType = folder.assetcatalog; path = Assets.xcassets; sourceTree = "<group>"; };
		FB4C080E1E5D05BE004E9C86 /* Base */ = {isa = PBXFileReference; lastKnownFileType = file.storyboard; name = Base; path = Base.lproj/LaunchScreen.storyboard; sourceTree = "<group>"; };
		FB4C08101E5D05BE004E9C86 /* Info.plist */ = {isa = PBXFileReference; lastKnownFileType = text.plist.xml; path = Info.plist; sourceTree = "<group>"; };
		FB4C08161E5D0ECC004E9C86 /* GoogleService-Info.plist */ = {isa = PBXFileReference; fileEncoding = 4; lastKnownFileType = text.plist.xml; path = "GoogleService-Info.plist"; sourceTree = "<group>"; };
		FB4C08181E5D0F2A004E9C86 /* ListTableViewCell.swift */ = {isa = PBXFileReference; fileEncoding = 4; lastKnownFileType = sourcecode.swift; path = ListTableViewCell.swift; sourceTree = "<group>"; };
/* End PBXFileReference section */

/* Begin PBXFrameworksBuildPhase section */
		FB4C07FE1E5D05BC004E9C86 /* Frameworks */ = {
			isa = PBXFrameworksBuildPhase;
			buildActionMask = 2147483647;
			files = (
				4A1CBBCA5D3B6866C327074A /* Pods_eShopping.framework in Frameworks */,
			);
			runOnlyForDeploymentPostprocessing = 0;
		};
/* End PBXFrameworksBuildPhase section */

/* Begin PBXGroup section */
		78FF518D1F05672A3560103E /* Pods */ = {
			isa = PBXGroup;
			children = (
				6E2332B4D31DBB45A6DCE584 /* Pods-eShopping.debug.xcconfig */,
				59CB605A6F6C9CA56DA5681B /* Pods-eShopping.release.xcconfig */,
			);
			name = Pods;
			sourceTree = "<group>";
		};
		C4AEA8B70C33298004A30FFC /* Frameworks */ = {
			isa = PBXGroup;
			children = (
				8D146C348519FD26742E368A /* Pods_eShopping.framework */,
			);
			name = Frameworks;
			sourceTree = "<group>";
		};
		FB4C07F81E5D05BC004E9C86 = {
			isa = PBXGroup;
			children = (
				FB4C08031E5D05BD004E9C86 /* eShopping */,
				FB4C08021E5D05BD004E9C86 /* Products */,
				78FF518D1F05672A3560103E /* Pods */,
				C4AEA8B70C33298004A30FFC /* Frameworks */,
			);
			sourceTree = "<group>";
		};
		FB4C08021E5D05BD004E9C86 /* Products */ = {
			isa = PBXGroup;
			children = (
				FB4C08011E5D05BD004E9C86 /* eShopping.app */,
			);
			name = Products;
			sourceTree = "<group>";
		};
		FB4C08031E5D05BD004E9C86 /* eShopping */ = {
			isa = PBXGroup;
			children = (
				FB4C08161E5D0ECC004E9C86 /* GoogleService-Info.plist */,
				FB4C08041E5D05BD004E9C86 /* AppDelegate.swift */,
				FB4C08061E5D05BD004E9C86 /* ViewController.swift */,
				FB4C08081E5D05BD004E9C86 /* Main.storyboard */,
				FB4C080B1E5D05BE004E9C86 /* Assets.xcassets */,
				FB4C080D1E5D05BE004E9C86 /* LaunchScreen.storyboard */,
				FB4C08101E5D05BE004E9C86 /* Info.plist */,
				FB4C08181E5D0F2A004E9C86 /* ListTableViewCell.swift */,
			);
			path = eShopping;
			sourceTree = "<group>";
		};
/* End PBXGroup section */

/* Begin PBXNativeTarget section */
		FB4C08001E5D05BC004E9C86 /* eShopping */ = {
			isa = PBXNativeTarget;
			buildConfigurationList = FB4C08131E5D05BE004E9C86 /* Build configuration list for PBXNativeTarget "eShopping" */;
			buildPhases = (
				E18AFE8DDC4DCF53ADFCE5A3 /* [CP] Check Pods Manifest.lock */,
				FB4C07FD1E5D05BC004E9C86 /* Sources */,
				FB4C07FE1E5D05BC004E9C86 /* Frameworks */,
				FB4C07FF1E5D05BC004E9C86 /* Resources */,
				41BF3A2BE9D658440A3B3221 /* [CP] Embed Pods Frameworks */,
				2D074685044BD699A06D2C8E /* [CP] Copy Pods Resources */,
			);
			buildRules = (
			);
			dependencies = (
			);
			name = eShopping;
			productName = eShopping;
			productReference = FB4C08011E5D05BD004E9C86 /* eShopping.app */;
			productType = "com.apple.product-type.application";
		};
/* End PBXNativeTarget section */

/* Begin PBXProject section */
		FB4C07F91E5D05BC004E9C86 /* Project object */ = {
			isa = PBXProject;
			attributes = {
				LastSwiftUpdateCheck = 0820;
				LastUpgradeCheck = 0820;
				ORGANIZATIONNAME = "Jose Alejandro Apablaza";
				TargetAttributes = {
					FB4C08001E5D05BC004E9C86 = {
						CreatedOnToolsVersion = 8.2.1;
						DevelopmentTeam = 2BULHRS882;
						ProvisioningStyle = Automatic;
					};
				};
			};
			buildConfigurationList = FB4C07FC1E5D05BC004E9C86 /* Build configuration list for PBXProject "eShopping" */;
			compatibilityVersion = "Xcode 3.2";
			developmentRegion = English;
			hasScannedForEncodings = 0;
			knownRegions = (
				en,
				Base,
			);
			mainGroup = FB4C07F81E5D05BC004E9C86;
			productRefGroup = FB4C08021E5D05BD004E9C86 /* Products */;
			projectDirPath = "";
			projectRoot = "";
			targets = (
				FB4C08001E5D05BC004E9C86 /* eShopping */,
			);
		};
/* End PBXProject section */

/* Begin PBXResourcesBuildPhase section */
		FB4C07FF1E5D05BC004E9C86 /* Resources */ = {
			isa = PBXResourcesBuildPhase;
			buildActionMask = 2147483647;
			files = (
				FB4C080F1E5D05BE004E9C86 /* LaunchScreen.storyboard in Resources */,
				FB4C08171E5D0ECC004E9C86 /* GoogleService-Info.plist in Resources */,
				FB4C080C1E5D05BE004E9C86 /* Assets.xcassets in Resources */,
				FB4C080A1E5D05BD004E9C86 /* Main.storyboard in Resources */,
			);
			runOnlyForDeploymentPostprocessing = 0;
		};
/* End PBXResourcesBuildPhase section */

/* Begin PBXShellScriptBuildPhase section */
		2D074685044BD699A06D2C8E /* [CP] Copy Pods Resources */ = {
			isa = PBXShellScriptBuildPhase;
			buildActionMask = 2147483647;
			files = (
			);
			inputPaths = (
			);
			name = "[CP] Copy Pods Resources";
			outputPaths = (
			);
			runOnlyForDeploymentPostprocessing = 0;
			shellPath = /bin/sh;
			shellScript = "\"${SRCROOT}/Pods/Target Support Files/Pods-eShopping/Pods-eShopping-resources.sh\"\n";
			showEnvVarsInLog = 0;
		};
		41BF3A2BE9D658440A3B3221 /* [CP] Embed Pods Frameworks */ = {
			isa = PBXShellScriptBuildPhase;
			buildActionMask = 2147483647;
			files = (
			);
			inputPaths = (
			);
			name = "[CP] Embed Pods Frameworks";
			outputPaths = (
			);
			runOnlyForDeploymentPostprocessing = 0;
			shellPath = /bin/sh;
			shellScript = "\"${SRCROOT}/Pods/Target Support Files/Pods-eShopping/Pods-eShopping-frameworks.sh\"\n";
			showEnvVarsInLog = 0;
		};
		E18AFE8DDC4DCF53ADFCE5A3 /* [CP] Check Pods Manifest.lock */ = {
			isa = PBXShellScriptBuildPhase;
			buildActionMask = 2147483647;
			files = (
			);
			inputPaths = (
			);
			name = "[CP] Check Pods Manifest.lock";
			outputPaths = (
			);
			runOnlyForDeploymentPostprocessing = 0;
			shellPath = /bin/sh;
			shellScript = "diff \"${PODS_ROOT}/../Podfile.lock\" \"${PODS_ROOT}/Manifest.lock\" > /dev/null\nif [ $? != 0 ] ; then\n    # print error to STDERR\n    echo \"error: The sandbox is not in sync with the Podfile.lock. Run 'pod install' or update your CocoaPods installation.\" >&2\n    exit 1\nfi\n";
			showEnvVarsInLog = 0;
		};
/* End PBXShellScriptBuildPhase section */

/* Begin PBXSourcesBuildPhase section */
		FB4C07FD1E5D05BC004E9C86 /* Sources */ = {
			isa = PBXSourcesBuildPhase;
			buildActionMask = 2147483647;
			files = (
				FB4C08071E5D05BD004E9C86 /* ViewController.swift in Sources */,
				FB4C08051E5D05BD004E9C86 /* AppDelegate.swift in Sources */,
				FB4C08191E5D0F2A004E9C86 /* ListTableViewCell.swift in Sources */,
			);
			runOnlyForDeploymentPostprocessing = 0;
		};
/* End PBXSourcesBuildPhase section */

/* Begin PBXVariantGroup section */
		FB4C08081E5D05BD004E9C86 /* Main.storyboard */ = {
			isa = PBXVariantGroup;
			children = (
				FB4C08091E5D05BD004E9C86 /* Base */,
			);
			name = Main.storyboard;
			sourceTree = "<group>";
		};
		FB4C080D1E5D05BE004E9C86 /* LaunchScreen.storyboard */ = {
			isa = PBXVariantGroup;
			children = (
				FB4C080E1E5D05BE004E9C86 /* Base */,
			);
			name = LaunchScreen.storyboard;
			sourceTree = "<group>";
		};
/* End PBXVariantGroup section */

/* Begin XCBuildConfiguration section */
		FB4C08111E5D05BE004E9C86 /* Debug */ = {
			isa = XCBuildConfiguration;
			buildSettings = {
				ALWAYS_SEARCH_USER_PATHS = NO;
				CLANG_ANALYZER_NONNULL = YES;
				CLANG_CXX_LANGUAGE_STANDARD = "gnu++0x";
				CLANG_CXX_LIBRARY = "libc++";
				CLANG_ENABLE_MODULES = YES;
				CLANG_ENABLE_OBJC_ARC = YES;
				CLANG_WARN_BOOL_CONVERSION = YES;
				CLANG_WARN_CONSTANT_CONVERSION = YES;
				CLANG_WARN_DIRECT_OBJC_ISA_USAGE = YES_ERROR;
				CLANG_WARN_DOCUMENTATION_COMMENTS = YES;
				CLANG_WARN_EMPTY_BODY = YES;
				CLANG_WARN_ENUM_CONVERSION = YES;
				CLANG_WARN_INFINITE_RECURSION = YES;
				CLANG_WARN_INT_CONVERSION = YES;
				CLANG_WARN_OBJC_ROOT_CLASS = YES_ERROR;
				CLANG_WARN_SUSPICIOUS_MOVE = YES;
				CLANG_WARN_UNREACHABLE_CODE = YES;
				CLANG_WARN__DUPLICATE_METHOD_MATCH = YES;
				"CODE_SIGN_IDENTITY[sdk=iphoneos*]" = "iPhone Developer";
				COPY_PHASE_STRIP = NO;
				DEBUG_INFORMATION_FORMAT = dwarf;
				ENABLE_STRICT_OBJC_MSGSEND = YES;
				ENABLE_TESTABILITY = YES;
				GCC_C_LANGUAGE_STANDARD = gnu99;
				GCC_DYNAMIC_NO_PIC = NO;
				GCC_NO_COMMON_BLOCKS = YES;
				GCC_OPTIMIZATION_LEVEL = 0;
				GCC_PREPROCESSOR_DEFINITIONS = (
					"DEBUG=1",
					"$(inherited)",
				);
				GCC_WARN_64_TO_32_BIT_CONVERSION = YES;
				GCC_WARN_ABOUT_RETURN_TYPE = YES_ERROR;
				GCC_WARN_UNDECLARED_SELECTOR = YES;
				GCC_WARN_UNINITIALIZED_AUTOS = YES_AGGRESSIVE;
				GCC_WARN_UNUSED_FUNCTION = YES;
				GCC_WARN_UNUSED_VARIABLE = YES;
				IPHONEOS_DEPLOYMENT_TARGET = 10.2;
				MTL_ENABLE_DEBUG_INFO = YES;
				ONLY_ACTIVE_ARCH = YES;
				SDKROOT = iphoneos;
				SWIFT_ACTIVE_COMPILATION_CONDITIONS = DEBUG;
				SWIFT_OPTIMIZATION_LEVEL = "-Onone";
				TARGETED_DEVICE_FAMILY = "1,2";
			};
			name = Debug;
		};
		FB4C08121E5D05BE004E9C86 /* Release */ = {
			isa = XCBuildConfiguration;
			buildSettings = {
				ALWAYS_SEARCH_USER_PATHS = NO;
				CLANG_ANALYZER_NONNULL = YES;
				CLANG_CXX_LANGUAGE_STANDARD = "gnu++0x";
				CLANG_CXX_LIBRARY = "libc++";
				CLANG_ENABLE_MODULES = YES;
				CLANG_ENABLE_OBJC_ARC = YES;
				CLANG_WARN_BOOL_CONVERSION = YES;
				CLANG_WARN_CONSTANT_CONVERSION = YES;
				CLANG_WARN_DIRECT_OBJC_ISA_USAGE = YES_ERROR;
				CLANG_WARN_DOCUMENTATION_COMMENTS = YES;
				CLANG_WARN_EMPTY_BODY = YES;
				CLANG_WARN_ENUM_CONVERSION = YES;
				CLANG_WARN_INFINITE_RECURSION = YES;
				CLANG_WARN_INT_CONVERSION = YES;
				CLANG_WARN_OBJC_ROOT_CLASS = YES_ERROR;
				CLANG_WARN_SUSPICIOUS_MOVE = YES;
				CLANG_WARN_UNREACHABLE_CODE = YES;
				CLANG_WARN__DUPLICATE_METHOD_MATCH = YES;
				"CODE_SIGN_IDENTITY[sdk=iphoneos*]" = "iPhone Developer";
				COPY_PHASE_STRIP = NO;
				DEBUG_INFORMATION_FORMAT = "dwarf-with-dsym";
				ENABLE_NS_ASSERTIONS = NO;
				ENABLE_STRICT_OBJC_MSGSEND = YES;
				GCC_C_LANGUAGE_STANDARD = gnu99;
				GCC_NO_COMMON_BLOCKS = YES;
				GCC_WARN_64_TO_32_BIT_CONVERSION = YES;
				GCC_WARN_ABOUT_RETURN_TYPE = YES_ERROR;
				GCC_WARN_UNDECLARED_SELECTOR = YES;
				GCC_WARN_UNINITIALIZED_AUTOS = YES_AGGRESSIVE;
				GCC_WARN_UNUSED_FUNCTION = YES;
				GCC_WARN_UNUSED_VARIABLE = YES;
				IPHONEOS_DEPLOYMENT_TARGET = 10.2;
				MTL_ENABLE_DEBUG_INFO = NO;
				SDKROOT = iphoneos;
				SWIFT_OPTIMIZATION_LEVEL = "-Owholemodule";
				TARGETED_DEVICE_FAMILY = "1,2";
				VALIDATE_PRODUCT = YES;
			};
			name = Release;
		};
		FB4C08141E5D05BE004E9C86 /* Debug */ = {
			isa = XCBuildConfiguration;
			baseConfigurationReference = 6E2332B4D31DBB45A6DCE584 /* Pods-eShopping.debug.xcconfig */;
			buildSettings = {
				ASSETCATALOG_COMPILER_APPICON_NAME = AppIcon;
				DEVELOPMENT_TEAM = 2BULHRS882;
				INFOPLIST_FILE = eShopping/Info.plist;
				LD_RUNPATH_SEARCH_PATHS = "$(inherited) @executable_path/Frameworks";
				PRODUCT_BUNDLE_IDENTIFIER = com.joseapablaza.eShopping;
				PRODUCT_NAME = "$(TARGET_NAME)";
				SWIFT_VERSION = 3.0;
			};
			name = Debug;
		};
		FB4C08151E5D05BE004E9C86 /* Release */ = {
			isa = XCBuildConfiguration;
			baseConfigurationReference = 59CB605A6F6C9CA56DA5681B /* Pods-eShopping.release.xcconfig */;
			buildSettings = {
				ASSETCATALOG_COMPILER_APPICON_NAME = AppIcon;
				DEVELOPMENT_TEAM = 2BULHRS882;
				INFOPLIST_FILE = eShopping/Info.plist;
				LD_RUNPATH_SEARCH_PATHS = "$(inherited) @executable_path/Frameworks";
				PRODUCT_BUNDLE_IDENTIFIER = com.joseapablaza.eShopping;
				PRODUCT_NAME = "$(TARGET_NAME)";
				SWIFT_VERSION = 3.0;
			};
			name = Release;
		};
/* End XCBuildConfiguration section */

/* Begin XCConfigurationList section */
		FB4C07FC1E5D05BC004E9C86 /* Build configuration list for PBXProject "eShopping" */ = {
			isa = XCConfigurationList;
			buildConfigurations = (
				FB4C08111E5D05BE004E9C86 /* Debug */,
				FB4C08121E5D05BE004E9C86 /* Release */,
			);
			defaultConfigurationIsVisible = 0;
			defaultConfigurationName = Release;
		};
		FB4C08131E5D05BE004E9C86 /* Build configuration list for PBXNativeTarget "eShopping" */ = {
			isa = XCConfigurationList;
			buildConfigurations = (
				FB4C08141E5D05BE004E9C86 /* Debug */,
				FB4C08151E5D05BE004E9C86 /* Release */,
			);
			defaultConfigurationIsVisible = 0;
			defaultConfigurationName = Release;
		};
/* End XCConfigurationList section */
	};
	rootObject = FB4C07F91E5D05BC004E9C86 /* Project object */;
}
